
Microsoft Visual Studio Solution File, Format Version 12.00
# Visual Studio Version 17
VisualStudioVersion = 17.7.34024.191
MinimumVisualStudioVersion = 10.0.40219.1
Project("{8BC9CEB8-8B4A-11D0-8D11-00A0C91BC942}") = "13-2", "13-2.vcxproj", "{AE4C8B07-E406-443F-81D7-CE810B519C1C}"
EndProject
Global
	GlobalSection(SolutionConfigurationPlatforms) = preSolution
		Debug|x64 = Debug|x64
		Debug|x86 = Debug|x86
		Release|x64 = Release|x64
		Release|x86 = Release|x86
	EndGlobalSection
	GlobalSection(ProjectConfigurationPlatforms) = postSolution
		{AE4C8B07-E406-443F-81D7-CE810B519C1C}.Debug|x64.ActiveCfg = Debug|x64
		{AE4C8B07-E406-443F-81D7-CE810B519C1C}.Debug|x64.Build.0 = Debug|x64
		{AE4C8B07-E406-443F-81D7-CE810B519C1C}.Debug|x86.ActiveCfg = Debug|Win32
		{AE4C8B07-E406-443F-81D7-CE810B519C1C}.Debug|x86.Build.0 = Debug|Win32
		{AE4C8B07-E406-443F-81D7-CE810B519C1C}.Release|x64.ActiveCfg = Release|x64
		{AE4C8B07-E406-443F-81D7-CE810B519C1C}.Release|x64.Build.0 = Release|x64
		{AE4C8B07-E406-443F-81D7-CE810B519C1C}.Release|x86.ActiveCfg = Release|Win32
		{AE4C8B07-E406-443F-81D7-CE810B519C1C}.Release|x86.Build.0 = Release|Win32
	EndGlobalSection
	GlobalSection(SolutionProperties) = preSolution
		HideSolutionNode = FALSE
	EndGlobalSection
	GlobalSection(ExtensibilityGlobals) = postSolution
		SolutionGuid = {39DF985E-AD08-4CD0-B0DE-F49B4D6586FC}
	EndGlobalSection
EndGlobal
